
Microsoft Visual Studio Solution File, Format Version 12.00
# Visual Studio Version 17
VisualStudioVersion = 17.8.34330.188
MinimumVisualStudioVersion = 10.0.40219.1
Project("{9A19103F-16F7-4668-BE54-9A1E7A4F7556}") = "ServiceApp.Client", "ServiceApp.Client\ServiceApp.Client.csproj", "{175DF471-399B-4AD4-8AC2-3A877A97FDE0}"
EndProject
Project("{9A19103F-16F7-4668-BE54-9A1E7A4F7556}") = "ServiceApp.Server", "ServiceApp.Server\ServiceApp.Server.csproj", "{332C648F-BD89-45B0-8B29-648EDC51580B}"
EndProject
Project("{9A19103F-16F7-4668-BE54-9A1E7A4F7556}") = "ServiceApp.Shared", "ServiceApp.Shared\ServiceApp.Shared.csproj", "{D231D9E3-65BF-4852-BBDC-B36B5860F9FB}"
EndProject
Project("{9A19103F-16F7-4668-BE54-9A1E7A4F7556}") = "ServiceApp.BusinessLayer", "ServiceApp.BusinessLayer\ServiceApp.BusinessLayer.csproj", "{E3983A38-6D8E-4D4A-93E3-25620A3690DC}"
EndProject
Project("{9A19103F-16F7-4668-BE54-9A1E7A4F7556}") = "ServiceApp.DataAccessLayer", "ServiceApp.DataAccessLayer\ServiceApp.DataAccessLayer.csproj", "{BC4F70CD-F631-435D-B075-AB2AED636DCF}"
EndProject
Project("{9A19103F-16F7-4668-BE54-9A1E7A4F7556}") = "ServiceApp.ServiceLayer", "ServiceApp.ServiceLayer\ServiceApp.ServiceLayer.csproj", "{52BF98BB-4AD8-4C8F-AF23-CE1378D7DC31}"
EndProject
Global
	GlobalSection(SolutionConfigurationPlatforms) = preSolution
		Debug|Any CPU = Debug|Any CPU
		Release|Any CPU = Release|Any CPU
	EndGlobalSection
	GlobalSection(ProjectConfigurationPlatforms) = postSolution
		{175DF471-399B-4AD4-8AC2-3A877A97FDE0}.Debug|Any CPU.ActiveCfg = Debug|Any CPU
		{175DF471-399B-4AD4-8AC2-3A877A97FDE0}.Debug|Any CPU.Build.0 = Debug|Any CPU
		{175DF471-399B-4AD4-8AC2-3A877A97FDE0}.Release|Any CPU.ActiveCfg = Release|Any CPU
		{175DF471-399B-4AD4-8AC2-3A877A97FDE0}.Release|Any CPU.Build.0 = Release|Any CPU
		{332C648F-BD89-45B0-8B29-648EDC51580B}.Debug|Any CPU.ActiveCfg = Debug|Any CPU
		{332C648F-BD89-45B0-8B29-648EDC51580B}.Debug|Any CPU.Build.0 = Debug|Any CPU
		{332C648F-BD89-45B0-8B29-648EDC51580B}.Release|Any CPU.ActiveCfg = Release|Any CPU
		{332C648F-BD89-45B0-8B29-648EDC51580B}.Release|Any CPU.Build.0 = Release|Any CPU
		{D231D9E3-65BF-4852-BBDC-B36B5860F9FB}.Debug|Any CPU.ActiveCfg = Debug|Any CPU
		{D231D9E3-65BF-4852-BBDC-B36B5860F9FB}.Debug|Any CPU.Build.0 = Debug|Any CPU
		{D231D9E3-65BF-4852-BBDC-B36B5860F9FB}.Release|Any CPU.ActiveCfg = Release|Any CPU
		{D231D9E3-65BF-4852-BBDC-B36B5860F9FB}.Release|Any CPU.Build.0 = Release|Any CPU
		{E3983A38-6D8E-4D4A-93E3-25620A3690DC}.Debug|Any CPU.ActiveCfg = Debug|Any CPU
		{E3983A38-6D8E-4D4A-93E3-25620A3690DC}.Debug|Any CPU.Build.0 = Debug|Any CPU
		{E3983A38-6D8E-4D4A-93E3-25620A3690DC}.Release|Any CPU.ActiveCfg = Release|Any CPU
		{E3983A38-6D8E-4D4A-93E3-25620A3690DC}.Release|Any CPU.Build.0 = Release|Any CPU
		{BC4F70CD-F631-435D-B075-AB2AED636DCF}.Debug|Any CPU.ActiveCfg = Debug|Any CPU
		{BC4F70CD-F631-435D-B075-AB2AED636DCF}.Debug|Any CPU.Build.0 = Debug|Any CPU
		{BC4F70CD-F631-435D-B075-AB2AED636DCF}.Release|Any CPU.ActiveCfg = Release|Any CPU
		{BC4F70CD-F631-435D-B075-AB2AED636DCF}.Release|Any CPU.Build.0 = Release|Any CPU
		{52BF98BB-4AD8-4C8F-AF23-CE1378D7DC31}.Debug|Any CPU.ActiveCfg = Debug|Any CPU
		{52BF98BB-4AD8-4C8F-AF23-CE1378D7DC31}.Debug|Any CPU.Build.0 = Debug|Any CPU
		{52BF98BB-4AD8-4C8F-AF23-CE1378D7DC31}.Release|Any CPU.ActiveCfg = Release|Any CPU
		{52BF98BB-4AD8-4C8F-AF23-CE1378D7DC31}.Release|Any CPU.Build.0 = Release|Any CPU
	EndGlobalSection
	GlobalSection(SolutionProperties) = preSolution
		HideSolutionNode = FALSE
	EndGlobalSection
	GlobalSection(ExtensibilityGlobals) = postSolution
		SolutionGuid = {94667890-1400-4F29-946D-6C12F2169090}
	EndGlobalSection
EndGlobal
